
Microsoft Visual Studio Solution File, Format Version 12.00
# Visual Studio Version 17
VisualStudioVersion = 17.11.35208.52
MinimumVisualStudioVersion = 10.0.40219.1
Project("{9A19103F-16F7-4668-BE54-9A1E7A4F7556}") = "stockbridge-api", "stockbridge-api\stockbridge-api.csproj", "{3D8BC33D-F920-465F-B022-DAE97050677B}"
	ProjectSection(ProjectDependencies) = postProject
		{EB41AC62-52E5-4453-A958-AC67C8A4B4FE} = {EB41AC62-52E5-4453-A958-AC67C8A4B4FE}
	EndProjectSection
EndProject
Project("{FAE04EC0-301F-11D3-BF4B-00C04F79EFBC}") = "stockbridge-DAL", "stockbridge-DAL\stockbridge-DAL.csproj", "{EB41AC62-52E5-4453-A958-AC67C8A4B4FE}"
EndProject
Global
	GlobalSection(SolutionConfigurationPlatforms) = preSolution
		Debug|Any CPU = Debug|Any CPU
		Release|Any CPU = Release|Any CPU
	EndGlobalSection
	GlobalSection(ProjectConfigurationPlatforms) = postSolution
		{3D8BC33D-F920-465F-B022-DAE97050677B}.Debug|Any CPU.ActiveCfg = Debug|Any CPU
		{3D8BC33D-F920-465F-B022-DAE97050677B}.Debug|Any CPU.Build.0 = Debug|Any CPU
		{3D8BC33D-F920-465F-B022-DAE97050677B}.Release|Any CPU.ActiveCfg = Release|Any CPU
		{3D8BC33D-F920-465F-B022-DAE97050677B}.Release|Any CPU.Build.0 = Release|Any CPU
		{EB41AC62-52E5-4453-A958-AC67C8A4B4FE}.Debug|Any CPU.ActiveCfg = Debug|Any CPU
		{EB41AC62-52E5-4453-A958-AC67C8A4B4FE}.Debug|Any CPU.Build.0 = Debug|Any CPU
		{EB41AC62-52E5-4453-A958-AC67C8A4B4FE}.Release|Any CPU.ActiveCfg = Release|Any CPU
		{EB41AC62-52E5-4453-A958-AC67C8A4B4FE}.Release|Any CPU.Build.0 = Release|Any CPU
	EndGlobalSection
	GlobalSection(SolutionProperties) = preSolution
		HideSolutionNode = FALSE
	EndGlobalSection
	GlobalSection(ExtensibilityGlobals) = postSolution
		SolutionGuid = {59C0C304-866C-41FA-93D0-33EC7C95F2C1}
	EndGlobalSection
EndGlobal
